
Microsoft Visual Studio Solution File, Format Version 12.00
# Visual Studio Version 17
VisualStudioVersion = 17.7.34024.191
MinimumVisualStudioVersion = 10.0.40219.1
Project("{FAE04EC0-301F-11D3-BF4B-00C04F79EFBC}") = "Creational-DP", "Creational-DP\Creational-DP.csproj", "{7E3A33CF-B834-4EFF-80B4-83B6C547CA17}"
EndProject
Project("{FAE04EC0-301F-11D3-BF4B-00C04F79EFBC}") = "Behavioral-DP", "Behavioral-DP\Behavioral-DP.csproj", "{653F6DF7-0EB1-49AC-929C-F8C4D50DBFF6}"
EndProject
Project("{FAE04EC0-301F-11D3-BF4B-00C04F79EFBC}") = "Structural-DP", "Structural-DP\Structural-DP.csproj", "{8EBACD39-DBAF-45DC-BC11-28FFE91DC862}"
EndProject
Global
	GlobalSection(SolutionConfigurationPlatforms) = preSolution
		Debug|Any CPU = Debug|Any CPU
		Release|Any CPU = Release|Any CPU
	EndGlobalSection
	GlobalSection(ProjectConfigurationPlatforms) = postSolution
		{7E3A33CF-B834-4EFF-80B4-83B6C547CA17}.Debug|Any CPU.ActiveCfg = Debug|Any CPU
		{7E3A33CF-B834-4EFF-80B4-83B6C547CA17}.Debug|Any CPU.Build.0 = Debug|Any CPU
		{7E3A33CF-B834-4EFF-80B4-83B6C547CA17}.Release|Any CPU.ActiveCfg = Release|Any CPU
		{7E3A33CF-B834-4EFF-80B4-83B6C547CA17}.Release|Any CPU.Build.0 = Release|Any CPU
		{653F6DF7-0EB1-49AC-929C-F8C4D50DBFF6}.Debug|Any CPU.ActiveCfg = Debug|Any CPU
		{653F6DF7-0EB1-49AC-929C-F8C4D50DBFF6}.Debug|Any CPU.Build.0 = Debug|Any CPU
		{653F6DF7-0EB1-49AC-929C-F8C4D50DBFF6}.Release|Any CPU.ActiveCfg = Release|Any CPU
		{653F6DF7-0EB1-49AC-929C-F8C4D50DBFF6}.Release|Any CPU.Build.0 = Release|Any CPU
		{8EBACD39-DBAF-45DC-BC11-28FFE91DC862}.Debug|Any CPU.ActiveCfg = Debug|Any CPU
		{8EBACD39-DBAF-45DC-BC11-28FFE91DC862}.Debug|Any CPU.Build.0 = Debug|Any CPU
		{8EBACD39-DBAF-45DC-BC11-28FFE91DC862}.Release|Any CPU.ActiveCfg = Release|Any CPU
		{8EBACD39-DBAF-45DC-BC11-28FFE91DC862}.Release|Any CPU.Build.0 = Release|Any CPU
	EndGlobalSection
	GlobalSection(SolutionProperties) = preSolution
		HideSolutionNode = FALSE
	EndGlobalSection
	GlobalSection(ExtensibilityGlobals) = postSolution
		SolutionGuid = {8289B5CF-DFAE-4E9C-9B4F-A2E4F4414C03}
	EndGlobalSection
EndGlobal
